cffi==2.1.1 --hash=sha256:c1453022f490d2459a11819d83ad1d586e9ff65a12ac3e705ffebd46d3685dcf
cryptography==50.0.2 --hash=sha256:9dab55f57c74c3cad24c323bacbbd04be4705ba6eb0d92e920b1fc4837ed5079
ifaddr==0.2.0 --hash=sha256:085e0305cfe6f16ab12d72e2024030f5d52674afad6911bb1eee207177b8a748
pycparser==3.11 --hash=sha256:51d5a8ba2be0bbe440b99d2112604c95bbbc3c2748a64260186c541e1729cd80
xknx==3.20.0 --hash=sha256:064353a2d295d793a4198994d732fb4e5bba922d5e5a47d0f7e14ac3ac16dacc
